
Microsoft Visual Studio Solution File, Format Version 12.00
# Visual Studio Version 16
VisualStudioVersion = 16.0.29009.5
MinimumVisualStudioVersion = 10.0.40219.1
Project("{9A19103F-16F7-4668-BE54-9A1E7A4F7556}") = "CodeConverter", "CodeConverter\CodeConverter.csproj", "{C2CEBEAF-4015-4F42-B609-9D3AB9F8C385}"
EndProject
Project("{9A19103F-16F7-4668-BE54-9A1E7A4F7556}") = "testproj_helloha", "testproj_helloha\testproj_helloha.csproj", "{18E99AC2-F5FA-4579-9E31-2A431EFE4C1B}"
EndProject
Project("{9A19103F-16F7-4668-BE54-9A1E7A4F7556}") = "testconv", "testconv\testconv.csproj", "{BE810B3C-5A3F-4F10-9D6D-3196D1DAB3F3}"
EndProject
Project("{2150E333-8FDC-42A3-9474-1A3956D46DE8}") = "file", "file", "{EE97589B-F433-4024-9890-85E7BA7594E6}"
	ProjectSection(SolutionItems) = preProject
		readme.md = readme.md
	EndProjectSection
EndProject
Global
	GlobalSection(SolutionConfigurationPlatforms) = preSolution
		Debug|Any CPU = Debug|Any CPU
		Release|Any CPU = Release|Any CPU
	EndGlobalSection
	GlobalSection(ProjectConfigurationPlatforms) = postSolution
		{C2CEBEAF-4015-4F42-B609-9D3AB9F8C385}.Debug|Any CPU.ActiveCfg = Debug|Any CPU
		{C2CEBEAF-4015-4F42-B609-9D3AB9F8C385}.Debug|Any CPU.Build.0 = Debug|Any CPU
		{C2CEBEAF-4015-4F42-B609-9D3AB9F8C385}.Release|Any CPU.ActiveCfg = Release|Any CPU
		{C2CEBEAF-4015-4F42-B609-9D3AB9F8C385}.Release|Any CPU.Build.0 = Release|Any CPU
		{18E99AC2-F5FA-4579-9E31-2A431EFE4C1B}.Debug|Any CPU.ActiveCfg = Debug|Any CPU
		{18E99AC2-F5FA-4579-9E31-2A431EFE4C1B}.Debug|Any CPU.Build.0 = Debug|Any CPU
		{18E99AC2-F5FA-4579-9E31-2A431EFE4C1B}.Release|Any CPU.ActiveCfg = Release|Any CPU
		{18E99AC2-F5FA-4579-9E31-2A431EFE4C1B}.Release|Any CPU.Build.0 = Release|Any CPU
		{BE810B3C-5A3F-4F10-9D6D-3196D1DAB3F3}.Debug|Any CPU.ActiveCfg = Debug|Any CPU
		{BE810B3C-5A3F-4F10-9D6D-3196D1DAB3F3}.Debug|Any CPU.Build.0 = Debug|Any CPU
		{BE810B3C-5A3F-4F10-9D6D-3196D1DAB3F3}.Release|Any CPU.ActiveCfg = Release|Any CPU
		{BE810B3C-5A3F-4F10-9D6D-3196D1DAB3F3}.Release|Any CPU.Build.0 = Release|Any CPU
	EndGlobalSection
	GlobalSection(SolutionProperties) = preSolution
		HideSolutionNode = FALSE
	EndGlobalSection
	GlobalSection(ExtensibilityGlobals) = postSolution
		SolutionGuid = {591C5D55-969C-4E00-8227-CFB2D45A9988}
	EndGlobalSection
EndGlobal
